// !$*UTF8*$!
{
	archiveVersion = 1;
	classes = {
	};
	objectVersion = 50;
	objects = {

/* Begin PBXBuildFile section */
		F18601A421E4B2CA0067991F /* AppDelegate.swift in Sources */ = {isa = PBXBuildFile; fileRef = F18601A321E4B2CA0067991F /* AppDelegate.swift */; };
		F18601A621E4B2CA0067991F /* ViewController.swift in Sources */ = {isa = PBXBuildFile; fileRef = F18601A521E4B2CA0067991F /* ViewController.swift */; };
		F18601A921E4B2CA0067991F /* Main.storyboard in Resources */ = {isa = PBXBuildFile; fileRef = F18601A721E4B2CA0067991F /* Main.storyboard */; };
		F18601AB21E4B2CB0067991F /* Assets.xcassets in Resources */ = {isa = PBXBuildFile; fileRef = F18601AA21E4B2CB0067991F /* Assets.xcassets */; };
		F18601AE21E4B2CB0067991F /* LaunchScreen.storyboard in Resources */ = {isa = PBXBuildFile; fileRef = F18601AC21E4B2CB0067991F /* LaunchScreen.storyboard */; };
		F18601B621E5C17F0067991F /* AboutViewController.swift in Sources */ = {isa = PBXBuildFile; fileRef = F18601B521E5C17F0067991F /* AboutViewController.swift */; };
		F18601B821E5C64B0067991F /* AboutCreaterViewController.swift in Sources */ = {isa = PBXBuildFile; fileRef = F18601B721E5C64B0067991F /* AboutCreaterViewController.swift */; };
		F18601BA21E5E8600067991F /* BullsEye.html in Resources */ = {isa = PBXBuildFile; fileRef = F18601B921E5E8600067991F /* BullsEye.html */; };
/* End PBXBuildFile section */

/* Begin PBXFileReference section */
		F18601A021E4B2CA0067991F /* BullsEye.app */ = {isa = PBXFileReference; explicitFileType = wrapper.application; includeInIndex = 0; path = BullsEye.app; sourceTree = BUILT_PRODUCTS_DIR; };
		F18601A321E4B2CA0067991F /* AppDelegate.swift */ = {isa = PBXFileReference; lastKnownFileType = sourcecode.swift; path = AppDelegate.swift; sourceTree = "<group>"; };
		F18601A521E4B2CA0067991F /* ViewController.swift */ = {isa = PBXFileReference; lastKnownFileType = sourcecode.swift; path = ViewController.swift; sourceTree = "<group>"; };
		F18601A821E4B2CA0067991F /* Base */ = {isa = PBXFileReference; lastKnownFileType = file.storyboard; name = Base; path = Base.lproj/Main.storyboard; sourceTree = "<group>"; };
		F18601AA21E4B2CB0067991F /* Assets.xcassets */ = {isa = PBXFileReference; lastKnownFileType = folder.assetcatalog; path = Assets.xcassets; sourceTree = "<group>"; };
		F18601AD21E4B2CB0067991F /* Base */ = {isa = PBXFileReference; lastKnownFileType = file.storyboard; name = Base; path = Base.lproj/LaunchScreen.storyboard; sourceTree = "<group>"; };
		F18601AF21E4B2CB0067991F /* Info.plist */ = {isa = PBXFileReference; lastKnownFileType = text.plist.xml; path = Info.plist; sourceTree = "<group>"; };
		F18601B521E5C17F0067991F /* AboutViewController.swift */ = {isa = PBXFileReference; lastKnownFileType = sourcecode.swift; path = AboutViewController.swift; sourceTree = "<group>"; };
		F18601B721E5C64B0067991F /* AboutCreaterViewController.swift */ = {isa = PBXFileReference; lastKnownFileType = sourcecode.swift; path = AboutCreaterViewController.swift; sourceTree = "<group>"; };
		F18601B921E5E8600067991F /* BullsEye.html */ = {isa = PBXFileReference; fileEncoding = 4; lastKnownFileType = text.html; path = BullsEye.html; sourceTree = "<group>"; };
/* End PBXFileReference section */

/* Begin PBXFrameworksBuildPhase section */
		F186019D21E4B2CA0067991F /* Frameworks */ = {
			isa = PBXFrameworksBuildPhase;
			buildActionMask = 2147483647;
			files = (
			);
			runOnlyForDeploymentPostprocessing = 0;
		};
/* End PBXFrameworksBuildPhase section */

/* Begin PBXGroup section */
		F186019721E4B2CA0067991F = {
			isa = PBXGroup;
			children = (
				F18601A221E4B2CA0067991F /* BullsEye */,
				F18601A121E4B2CA0067991F /* Products */,
			);
			sourceTree = "<group>";
		};
		F18601A121E4B2CA0067991F /* Products */ = {
			isa = PBXGroup;
			children = (
				F18601A021E4B2CA0067991F /* BullsEye.app */,
			);
			name = Products;
			sourceTree = "<group>";
		};
		F18601A221E4B2CA0067991F /* BullsEye */ = {
			isa = PBXGroup;
			children = (
				F18601A321E4B2CA0067991F /* AppDelegate.swift */,
				F18601A521E4B2CA0067991F /* ViewController.swift */,
				F18601B521E5C17F0067991F /* AboutViewController.swift */,
				F18601A721E4B2CA0067991F /* Main.storyboard */,
				F18601B721E5C64B0067991F /* AboutCreaterViewController.swift */,
				F18601AA21E4B2CB0067991F /* Assets.xcassets */,
				F18601AC21E4B2CB0067991F /* LaunchScreen.storyboard */,
				F18601AF21E4B2CB0067991F /* Info.plist */,
				F18601B921E5E8600067991F /* BullsEye.html */,
			);
			path = BullsEye;
			sourceTree = "<group>";
		};
/* End PBXGroup section */

/* Begin PBXNativeTarget section */
		F186019F21E4B2CA0067991F /* BullsEye */ = {
			isa = PBXNativeTarget;
			buildConfigurationList = F18601B221E4B2CB0067991F /* Build configuration list for PBXNativeTarget "BullsEye" */;
			buildPhases = (
				F186019C21E4B2CA0067991F /* Sources */,
				F186019D21E4B2CA0067991F /* Frameworks */,
				F186019E21E4B2CA0067991F /* Resources */,
			);
			buildRules = (
			);
			dependencies = (
			);
			name = BullsEye;
			productName = BullsEye;
			productReference = F18601A021E4B2CA0067991F /* BullsEye.app */;
			productType = "com.apple.product-type.application";
		};
/* End PBXNativeTarget section */

/* Begin PBXProject section */
		F186019821E4B2CA0067991F /* Project object */ = {
			isa = PBXProject;
			attributes = {
				LastSwiftUpdateCheck = 1010;
				LastUpgradeCheck = 1010;
				ORGANIZATIONNAME = "sourabh agrawal";
				TargetAttributes = {
					F186019F21E4B2CA0067991F = {
						CreatedOnToolsVersion = 10.1;
					};
				};
			};
			buildConfigurationList = F186019B21E4B2CA0067991F /* Build configuration list for PBXProject "BullsEye" */;
			compatibilityVersion = "Xcode 9.3";
			developmentRegion = en;
			hasScannedForEncodings = 0;
			knownRegions = (
				en,
				Base,
			);
			mainGroup = F186019721E4B2CA0067991F;
			productRefGroup = F18601A121E4B2CA0067991F /* Products */;
			projectDirPath = "";
			projectRoot = "";
			targets = (
				F186019F21E4B2CA0067991F /* BullsEye */,
			);
		};
/* End PBXProject section */

/* Begin PBXResourcesBuildPhase section */
		F186019E21E4B2CA0067991F /* Resources */ = {
			isa = PBXResourcesBuildPhase;
			buildActionMask = 2147483647;
			files = (
				F18601AE21E4B2CB0067991F /* LaunchScreen.storyboard in Resources */,
				F18601BA21E5E8600067991F /* BullsEye.html in Resources */,
				F18601AB21E4B2CB0067991F /* Assets.xcassets in Resources */,
				F18601A921E4B2CA0067991F /* Main.storyboard in Resources */,
			);
			runOnlyForDeploymentPostprocessing = 0;
		};
/* End PBXResourcesBuildPhase section */

/* Begin PBXSourcesBuildPhase section */
		F186019C21E4B2CA0067991F /* Sources */ = {
			isa = PBXSourcesBuildPhase;
			buildActionMask = 2147483647;
			files = (
				F18601B621E5C17F0067991F /* AboutViewController.swift in Sources */,
				F18601A621E4B2CA0067991F /* ViewController.swift in Sources */,
				F18601B821E5C64B0067991F /* AboutCreaterViewController.swift in Sources */,
				F18601A421E4B2CA0067991F /* AppDelegate.swift in Sources */,
			);
			runOnlyForDeploymentPostprocessing = 0;
		};
/* End PBXSourcesBuildPhase section */

/* Begin PBXVariantGroup section */
		F18601A721E4B2CA0067991F /* Main.storyboard */ = {
			isa = PBXVariantGroup;
			children = (
				F18601A821E4B2CA0067991F /* Base */,
			);
			name = Main.storyboard;
			sourceTree = "<group>";
		};
		F18601AC21E4B2CB0067991F /* LaunchScreen.storyboard */ = {
			isa = PBXVariantGroup;
			children = (
				F18601AD21E4B2CB0067991F /* Base */,
			);
			name = LaunchScreen.storyboard;
			sourceTree = "<group>";
		};
/* End PBXVariantGroup section */

/* Begin XCBuildConfiguration section */
		F18601B021E4B2CB0067991F /* Debug */ = {
			isa = XCBuildConfiguration;
			buildSettings = {
				ALWAYS_SEARCH_USER_PATHS = NO;
				CLANG_ANALYZER_NONNULL = YES;
				CLANG_ANALYZER_NUMBER_OBJECT_CONVERSION = YES_AGGRESSIVE;
				CLANG_CXX_LANGUAGE_STANDARD = "gnu++14";
				CLANG_CXX_LIBRARY = "libc++";
				CLANG_ENABLE_MODULES = YES;
				CLANG_ENABLE_OBJC_ARC = YES;
				CLANG_ENABLE_OBJC_WEAK = YES;
				CLANG_WARN_BLOCK_CAPTURE_AUTORELEASING = YES;
				CLANG_WARN_BOOL_CONVERSION = YES;
				CLANG_WARN_COMMA = YES;
				CLANG_WARN_CONSTANT_CONVERSION = YES;
				CLANG_WARN_DEPRECATED_OBJC_IMPLEMENTATIONS = YES;
				CLANG_WARN_DIRECT_OBJC_ISA_USAGE = YES_ERROR;
				CLANG_WARN_DOCUMENTATION_COMMENTS = YES;
				CLANG_WARN_EMPTY_BODY = YES;
				CLANG_WARN_ENUM_CONVERSION = YES;
				CLANG_WARN_INFINITE_RECURSION = YES;
				CLANG_WARN_INT_CONVERSION = YES;
				CLANG_WARN_NON_LITERAL_NULL_CONVERSION = YES;
				CLANG_WARN_OBJC_IMPLICIT_RETAIN_SELF = YES;
				CLANG_WARN_OBJC_LITERAL_CONVERSION = YES;
				CLANG_WARN_OBJC_ROOT_CLASS = YES_ERROR;
				CLANG_WARN_RANGE_LOOP_ANALYSIS = YES;
				CLANG_WARN_STRICT_PROTOTYPES = YES;
				CLANG_WARN_SUSPICIOUS_MOVE = YES;
				CLANG_WARN_UNGUARDED_AVAILABILITY = YES_AGGRESSIVE;
				CLANG_WARN_UNREACHABLE_CODE = YES;
				CLANG_WARN__DUPLICATE_METHOD_MATCH = YES;
				CODE_SIGN_IDENTITY = "iPhone Developer";
				COPY_PHASE_STRIP = NO;
				DEBUG_INFORMATION_FORMAT = dwarf;
				ENABLE_STRICT_OBJC_MSGSEND = YES;
				ENABLE_TESTABILITY = YES;
				GCC_C_LANGUAGE_STANDARD = gnu11;
				GCC_DYNAMIC_NO_PIC = NO;
				GCC_NO_COMMON_BLOCKS = YES;
				GCC_OPTIMIZATION_LEVEL = 0;
				GCC_PREPROCESSOR_DEFINITIONS = (
					"DEBUG=1",
					"$(inherited)",
				);
				GCC_WARN_64_TO_32_BIT_CONVERSION = YES;
				GCC_WARN_ABOUT_RETURN_TYPE = YES_ERROR;
				GCC_WARN_UNDECLARED_SELECTOR = YES;
				GCC_WARN_UNINITIALIZED_AUTOS = YES_AGGRESSIVE;
				GCC_WARN_UNUSED_FUNCTION = YES;
				GCC_WARN_UNUSED_VARIABLE = YES;
				IPHONEOS_DEPLOYMENT_TARGET = 12.1;
				MTL_ENABLE_DEBUG_INFO = INCLUDE_SOURCE;
				MTL_FAST_MATH = YES;
				ONLY_ACTIVE_ARCH = YES;
				SDKROOT = iphoneos;
				SWIFT_ACTIVE_COMPILATION_CONDITIONS = DEBUG;
				SWIFT_OPTIMIZATION_LEVEL = "-Onone";
			};
			name = Debug;
		};
		F18601B121E4B2CB0067991F /* Release */ = {
			isa = XCBuildConfiguration;
			buildSettings = {
				ALWAYS_SEARCH_USER_PATHS = NO;
				CLANG_ANALYZER_NONNULL = YES;
				CLANG_ANALYZER_NUMBER_OBJECT_CONVERSION = YES_AGGRESSIVE;
				CLANG_CXX_LANGUAGE_STANDARD = "gnu++14";
				CLANG_CXX_LIBRARY = "libc++";
				CLANG_ENABLE_MODULES = YES;
				CLANG_ENABLE_OBJC_ARC = YES;
				CLANG_ENABLE_OBJC_WEAK = YES;
				CLANG_WARN_BLOCK_CAPTURE_AUTORELEASING = YES;
				CLANG_WARN_BOOL_CONVERSION = YES;
				CLANG_WARN_COMMA = YES;
				CLANG_WARN_CONSTANT_CONVERSION = YES;
				CLANG_WARN_DEPRECATED_OBJC_IMPLEMENTATIONS = YES;
				CLANG_WARN_DIRECT_OBJC_ISA_USAGE = YES_ERROR;
				CLANG_WARN_DOCUMENTATION_COMMENTS = YES;
				CLANG_WARN_EMPTY_BODY = YES;
				CLANG_WARN_ENUM_CONVERSION = YES;
				CLANG_WARN_INFINITE_RECURSION = YES;
				CLANG_WARN_INT_CONVERSION = YES;
				CLANG_WARN_NON_LITERAL_NULL_CONVERSION = YES;
				CLANG_WARN_OBJC_IMPLICIT_RETAIN_SELF = YES;
				CLANG_WARN_OBJC_LITERAL_CONVERSION = YES;
				CLANG_WARN_OBJC_ROOT_CLASS = YES_ERROR;
				CLANG_WARN_RANGE_LOOP_ANALYSIS = YES;
				CLANG_WARN_STRICT_PROTOTYPES = YES;
				CLANG_WARN_SUSPICIOUS_MOVE = YES;
				CLANG_WARN_UNGUARDED_AVAILABILITY = YES_AGGRESSIVE;
				CLANG_WARN_UNREACHABLE_CODE = YES;
				CLANG_WARN__DUPLICATE_METHOD_MATCH = YES;
				CODE_SIGN_IDENTITY = "iPhone Developer";
				COPY_PHASE_STRIP = NO;
				DEBUG_INFORMATION_FORMAT = "dwarf-with-dsym";
				ENABLE_NS_ASSERTIONS = NO;
				ENABLE_STRICT_OBJC_MSGSEND = YES;
				GCC_C_LANGUAGE_STANDARD = gnu11;
				GCC_NO_COMMON_BLOCKS = YES;
				GCC_WARN_64_TO_32_BIT_CONVERSION = YES;
				GCC_WARN_ABOUT_RETURN_TYPE = YES_ERROR;
				GCC_WARN_UNDECLARED_SELECTOR = YES;
				GCC_WARN_UNINITIALIZED_AUTOS = YES_AGGRESSIVE;
				GCC_WARN_UNUSED_FUNCTION = YES;
				GCC_WARN_UNUSED_VARIABLE = YES;
				IPHONEOS_DEPLOYMENT_TARGET = 12.1;
				MTL_ENABLE_DEBUG_INFO = NO;
				MTL_FAST_MATH = YES;
				SDKROOT = iphoneos;
				SWIFT_COMPILATION_MODE = wholemodule;
				SWIFT_OPTIMIZATION_LEVEL = "-O";
				VALIDATE_PRODUCT = YES;
			};
			name = Release;
		};
		F18601B321E4B2CB0067991F /* Debug */ = {
			isa = XCBuildConfiguration;
			buildSettings = {
				ASSETCATALOG_COMPILER_APPICON_NAME = AppIcon;
				CODE_SIGN_STYLE = Automatic;
				INFOPLIST_FILE = BullsEye/Info.plist;
				LD_RUNPATH_SEARCH_PATHS = (
					"$(inherited)",
					"@executable_path/Frameworks",
				);
				PRODUCT_BUNDLE_IDENTIFIER = com.BullsEye;
				PRODUCT_NAME = "$(TARGET_NAME)";
				SWIFT_VERSION = 4.2;
				TARGETED_DEVICE_FAMILY = "1,2";
			};
			name = Debug;
		};
		F18601B421E4B2CB0067991F /* Release */ = {
			isa = XCBuildConfiguration;
			buildSettings = {
				ASSETCATALOG_COMPILER_APPICON_NAME = AppIcon;
				CODE_SIGN_STYLE = Automatic;
				INFOPLIST_FILE = BullsEye/Info.plist;
				LD_RUNPATH_SEARCH_PATHS = (
					"$(inherited)",
					"@executable_path/Frameworks",
				);
				PRODUCT_BUNDLE_IDENTIFIER = com.BullsEye;
				PRODUCT_NAME = "$(TARGET_NAME)";
				SWIFT_VERSION = 4.2;
				TARGETED_DEVICE_FAMILY = "1,2";
			};
			name = Release;
		};
/* End XCBuildConfiguration section */

/* Begin XCConfigurationList section */
		F186019B21E4B2CA0067991F /* Build configuration list for PBXProject "BullsEye" */ = {
			isa = XCConfigurationList;
			buildConfigurations = (
				F18601B021E4B2CB0067991F /* Debug */,
				F18601B121E4B2CB0067991F /* Release */,
			);
			defaultConfigurationIsVisible = 0;
			defaultConfigurationName = Release;
		};
		F18601B221E4B2CB0067991F /* Build configuration list for PBXNativeTarget "BullsEye" */ = {
			isa = XCConfigurationList;
			buildConfigurations = (
				F18601B321E4B2CB0067991F /* Debug */,
				F18601B421E4B2CB0067991F /* Release */,
			);
			defaultConfigurationIsVisible = 0;
			defaultConfigurationName = Release;
		};
/* End XCConfigurationList section */
	};
	rootObject = F186019821E4B2CA0067991F /* Project object */;
}
